PODS:
  - Eureka (5.3.3)
  - ImageAnalyzer (1.0.0)
  - ProgressHUD (13.6)
  - ViewRow (0.8):
    - Eureka (>= 5.0.0)

DEPENDENCIES:
  - Eureka
  - ImageAnalyzer (from `../`)
  - ProgressHUD
  - ViewRow

SPEC REPOS:
  trunk:
    - Eureka
    - ProgressHUD
    - ViewRow

EXTERNAL SOURCES:
  ImageAnalyzer:
    :path: "../"

SPEC CHECKSUMS:
  Eureka: e6d720290c56bb23333ad1a0e020b2a98a0e9a43
  ImageAnalyzer: fe7dc0acbff4e1c28cae18debb1b2c28f8c081ab
  ProgressHUD: 4bdaa0d2ddf676b23324b199f9facffb5c3a1620
  ViewRow: 8da541e9c019f3be63f4e28f311a62cac2045ecf

PODFILE CHECKSUM: 9c21d374c43131dce359e5fdbb19e3ec812792ec

COCOAPODS: 1.9.3
