PODS:
  - Eureka (5.3.3)
  - ImageAnalyzer (1.0.0)
  - MBProgressHUD (1.2.0)
  - ViewRow (0.8):
    - Eureka (>= 5.0.0)
  - ZLPhotoBrowser (4.1.5):
    - ZLPhotoBrowser/Core (= 4.1.5)
  - ZLPhotoBrowser/Core (4.1.5)

DEPENDENCIES:
  - Eureka
  - ImageAnalyzer (from `../`)
  - MBProgressHUD
  - ViewRow
  - ZLPhotoBrowser

SPEC REPOS:
  trunk:
    - Eureka
    - MBProgressHUD
    - ViewRow
    - ZLPhotoBrowser

EXTERNAL SOURCES:
  ImageAnalyzer:
    :path: "../"

SPEC CHECKSUMS:
  Eureka: e6d720290c56bb23333ad1a0e020b2a98a0e9a43
  ImageAnalyzer: fe7dc0acbff4e1c28cae18debb1b2c28f8c081ab
  MBProgressHUD: 3ee5efcc380f6a79a7cc9b363dd669c5e1ae7406
  ViewRow: 8da541e9c019f3be63f4e28f311a62cac2045ecf
  ZLPhotoBrowser: 809878607ea92e9411c580797ce1be23896b8d7f

PODFILE CHECKSUM: 649c83184e96ffa043b0de90aa2bdf0a88f464a9

COCOAPODS: 1.9.3
